{"name": "EnvatoBirthday", "version": "1.0.0", "lockfileVersion": 2, "requires": true, "packages": {"": {"express": {"version": "4.17.1", "resolved": "https://registry.npmjs.org/express/-/express-4.17.1.tgz", "integrity": "sha512-mHt3sIBp7lH13mIuWDQ7ASY0AlBQW4qhTlCRVpTdJwxM07T2yuByLhqApNYs+536waKjLda5 McNrB3IOqbvA=="}}}}